

 
 
 
 
 
 
 
 
 
 
 
 
 
 
 
 
 
 
 
 
 
 
 
 -2.3.0.tgz",
 
 dws8xwYEcsks5JqsaxbjLwaC3GAtJ6Brd0A==",
 
 
 
 
 
 
 
 
 
 
 
 
 
 
 
 
 
 
 
 nrnQS03zzF9PGAWgO3cgletO3VjV/P7VztA==",
 
 
 
 
 
 
 
 
 
 
 
 
 
 
 
 cts-1.15.9.tgz",
 
 DtYavM+y+72qD/Vq2l550kMF52DT8fOLJqQ==",
 
 
 
 
 
 
 
 
 
 
 
 
 
 
 
 
 
 
 
 
 
 
 
 
 
 
 
 
 
 
 
 
 
 
 
 
 
 
 
 UjIL3D42lslWlI+D4KzLYnxSwtfuiO79sNw==",
 
 
 
 
 
 
 
 
 
 
 
 
 
 
 
 
 
 
 
 
 
 
 
 
 
 
 
 
 
 
 
 
 
 
 
 

 
